# THIS IS AN AUTOGENERATED FILE. DO NOT EDIT THIS FILE DIRECTLY.
# yarn lockfile v1


"@rails/actioncable@^6.0.0":
  version "6.0.2"
  resolved "https://registry.yarnpkg.com/@rails/actioncable/-/actioncable-6.0.2.tgz#bcba9bcd6ee09a47c6628336e07399a68ca87814"
  integrity sha512-vN78gohsXPlC5jxBHlmiwkUI9bv6SulcZaE72kAIg/G4ou+wTdiMWPJK1bf2IxUNf+sfOjhl+tbRmY4AzJcgrw==

"@rails/activestorage@^6.0.0":
  version "6.0.2"
  resolved "https://registry.yarnpkg.com/@rails/activestorage/-/activestorage-6.0.2.tgz#3882da2716d1f21091840fc52b71091d406a9c43"
  integrity sha512-X0uGBLNsSKvVw5n93rH7k+7rbxc3Cq7p0ShiQbrk1cN0xflGjElzEJRY3okZZHsKkCV+h6rFCk0BOBVrLSrJ0A==
  dependencies:
    spark-md5 "^3.0.0"

"@rails/ujs@^6.0.0":
  version "6.0.2"
  resolved "https://registry.yarnpkg.com/@rails/ujs/-/ujs-6.0.2.tgz#8d32452d51c5e115374a218fb5475803dc17f4c0"
  integrity sha512-KSQjJG8yzSWC1IT+UtFQglefABU37hpJ7uAz39K1/iWtoaJaI9ydGIaxxpJBT/PmYv4kS6lCSjXq13DELeJocw==

abbrev@1:
  version "1.1.1"
  resolved "https://registry.yarnpkg.com/abbrev/-/abbrev-1.1.1.tgz#f8f2c887ad10bf67f634f005b6987fed3179aac8"
  integrity sha512-nne9/IiQ/hzIhY6pdDnbBtz7DjPTKrY00P/zvPSm5pOFkl6xuGrGnXn/VtTNNfNtAfZ9/1RtehkszU9qcTii0Q==

bootstrap@^4.4.1:
  version "4.4.1"
  resolved "https://registry.yarnpkg.com/bootstrap/-/bootstrap-4.4.1.tgz#8582960eea0c5cd2bede84d8b0baf3789c3e8b01"
  integrity sha512-tbx5cHubwE6e2ZG7nqM3g/FZ5PQEDMWmMGNrCUBVRPHXTJaH7CBDdsLeu3eCh3B1tzAxTnAbtmrzvWEvT2NNEA==

check-files@^0.0.2:
  version "0.0.2"
  resolved "https://registry.yarnpkg.com/check-files/-/check-files-0.0.2.tgz#79216272e4aeb44c2c1ba417680b7b5cbaa2ac55"
  integrity sha1-eSFicuSutEwsG6QXaAt7XLqirFU=
  dependencies:
    extend "1.2.1"
    nopt "2.1.2"
    vow "0.4.1"

extend@1.2.1:
  version "1.2.1"
  resolved "https://registry.yarnpkg.com/extend/-/extend-1.2.1.tgz#a0f5fd6cfc83a5fe49ef698d60ec8a624dd4576c"
  integrity sha1-oPX9bPyDpf5J72mNYOyKYk3UV2w=

jquery@^3.5.0:
  version "3.5.0"
  resolved "https://registry.yarnpkg.com/jquery/-/jquery-3.5.0.tgz#9980b97d9e4194611c36530e7dc46a58d7340fc9"
  integrity sha512-Xb7SVYMvygPxbFMpTFQiHh1J7HClEaThguL15N/Gg37Lri/qKyhRGZYzHRyLH8Stq3Aow0LsHO2O2ci86fCrNQ==

nopt@2.1.2:
  version "2.1.2"
  resolved "https://registry.yarnpkg.com/nopt/-/nopt-2.1.2.tgz#6cccd977b80132a07731d6e8ce58c2c8303cf9af"
  integrity sha1-bMzZd7gBMqB3MdbozljCyDA8+a8=
  dependencies:
    abbrev "1"

popper.js@^1.16.0:
  version "1.16.0"
  resolved "https://registry.yarnpkg.com/popper.js/-/popper.js-1.16.0.tgz#2e1816bcbbaa518ea6c2e15a466f4cb9c6e2fbb3"
  integrity sha512-+G+EkOPoE5S/zChTpmBSSDYmhXJ5PsW8eMhH8cP/CQHMFPBG/kC9Y5IIw6qNYgdJ+/COf0ddY2li28iHaZRSjw==

spark-md5@^3.0.0:
  version "3.0.0"
  resolved "https://registry.yarnpkg.com/spark-md5/-/spark-md5-3.0.0.tgz#3722227c54e2faf24b1dc6d933cc144e6f71bfef"
  integrity sha1-NyIifFTi+vJLHcbZM8wUTm9xv+8=

turbolinks@^5.2.0:
  version "5.2.0"
  resolved "https://registry.yarnpkg.com/turbolinks/-/turbolinks-5.2.0.tgz#e6877a55ea5c1cb3bb225f0a4ae303d6d32ff77c"
  integrity sha512-pMiez3tyBo6uRHFNNZoYMmrES/IaGgMhQQM+VFF36keryjb5ms0XkVpmKHkfW/4Vy96qiGW3K9bz0tF5sK9bBw==

vow@0.4.1:
  version "0.4.1"
  resolved "https://registry.yarnpkg.com/vow/-/vow-0.4.1.tgz#97c816578b2547d59083898bd65a1bff6c016454"
  integrity sha1-l8gWV4slR9WQg4mL1lob/2wBZFQ=
